// !$*UTF8*$!
{
	archiveVersion = 1;
	classes = {
	};
	objectVersion = 46;
	objects = {

/* Begin PBXBuildFile section */
		2392BE8E20290B5F00C6AAC2 /* UserService.swift in Sources */ = {isa = PBXBuildFile; fileRef = 2392BE8D20290B5E00C6AAC2 /* UserService.swift */; };
		2392BE9120290E4000C6AAC2 /* NetworkService.swift in Sources */ = {isa = PBXBuildFile; fileRef = 2392BE9020290E4000C6AAC2 /* NetworkService.swift */; };
		239EF9D2202924C500E9FD6A /* Course.swift in Sources */ = {isa = PBXBuildFile; fileRef = 239EF9D1202924C500E9FD6A /* Course.swift */; };
		239EF9D420292A4B00E9FD6A /* UIColor+Extensions.swift in Sources */ = {isa = PBXBuildFile; fileRef = 239EF9D320292A4B00E9FD6A /* UIColor+Extensions.swift */; };
		239EF9D620293FD000E9FD6A /* LoginViewController.swift in Sources */ = {isa = PBXBuildFile; fileRef = 239EF9D520293FD000E9FD6A /* LoginViewController.swift */; };
		239EF9D8202945CD00E9FD6A /* App.storyboard in Resources */ = {isa = PBXBuildFile; fileRef = 239EF9D7202945CD00E9FD6A /* App.storyboard */; };
		239EF9DE20294E9300E9FD6A /* LoginViewModel.swift in Sources */ = {isa = PBXBuildFile; fileRef = 239EF9DD20294E9300E9FD6A /* LoginViewModel.swift */; };
		23A21DA22029768A00525C8D /* LectureSegment.swift in Sources */ = {isa = PBXBuildFile; fileRef = 23A21DA12029768A00525C8D /* LectureSegment.swift */; };
		23A21DA42029774500525C8D /* LectureFile.swift in Sources */ = {isa = PBXBuildFile; fileRef = 23A21DA32029774500525C8D /* LectureFile.swift */; };
		23A21DA620297BF500525C8D /* Slide.swift in Sources */ = {isa = PBXBuildFile; fileRef = 23A21DA520297BF500525C8D /* Slide.swift */; };
		23A21DA8202A0DA000525C8D /* Module.swift in Sources */ = {isa = PBXBuildFile; fileRef = 23A21DA7202A0DA000525C8D /* Module.swift */; };
		23A21DAB202A14C100525C8D /* AuthenticationManager.swift in Sources */ = {isa = PBXBuildFile; fileRef = 23A21DAA202A14C100525C8D /* AuthenticationManager.swift */; };
		23A21DAE202A2D1900525C8D /* CourseManager.swift in Sources */ = {isa = PBXBuildFile; fileRef = 23A21DAD202A2D1900525C8D /* CourseManager.swift */; };
		23A21DB2202A390500525C8D /* CourseViewController.swift in Sources */ = {isa = PBXBuildFile; fileRef = 23A21DB1202A390500525C8D /* CourseViewController.swift */; };
		23A21DB5202A414F00525C8D /* CourseViewModel.swift in Sources */ = {isa = PBXBuildFile; fileRef = 23A21DB4202A414F00525C8D /* CourseViewModel.swift */; };
		23A21DB7202A540C00525C8D /* Realm+Extensions.swift in Sources */ = {isa = PBXBuildFile; fileRef = 23A21DB6202A540C00525C8D /* Realm+Extensions.swift */; };
		23B05B7D2029638C00F95ED3 /* CourseService.swift in Sources */ = {isa = PBXBuildFile; fileRef = 23B05B7C2029638C00F95ED3 /* CourseService.swift */; };
		23D1C9812028E4D4004EE76B /* NetworkError.swift in Sources */ = {isa = PBXBuildFile; fileRef = 23D1C9802028E4D4004EE76B /* NetworkError.swift */; };
		23D1C9842028F080004EE76B /* TokenService.swift in Sources */ = {isa = PBXBuildFile; fileRef = 23D1C9832028F080004EE76B /* TokenService.swift */; };
		23D1C9862028F1F2004EE76B /* GlobalFunctions.swift in Sources */ = {isa = PBXBuildFile; fileRef = 23D1C9852028F1F2004EE76B /* GlobalFunctions.swift */; };
		23E534132028D26C0094633E /* User.swift in Sources */ = {isa = PBXBuildFile; fileRef = 23E534122028D26C0094633E /* User.swift */; };
		8039A5ECA9F007015A569395 /* Pods_Assignment.framework in Frameworks */ = {isa = PBXBuildFile; fileRef = 6639ADD29CFB24ABD4D96EDE /* Pods_Assignment.framework */; };
		8B3497B32027D2BC00AAEF98 /* Client.swift in Sources */ = {isa = PBXBuildFile; fileRef = 8B3497B22027D2BC00AAEF98 /* Client.swift */; };
		8BA5EF4E2027CC9000FE4389 /* AppDelegate.swift in Sources */ = {isa = PBXBuildFile; fileRef = 8BA5EF4D2027CC9000FE4389 /* AppDelegate.swift */; };
		8BA5EF532027CC9000FE4389 /* Login.storyboard in Resources */ = {isa = PBXBuildFile; fileRef = 8BA5EF512027CC9000FE4389 /* Login.storyboard */; };
		8BA5EF552027CC9000FE4389 /* Assets.xcassets in Resources */ = {isa = PBXBuildFile; fileRef = 8BA5EF542027CC9000FE4389 /* Assets.xcassets */; };
		8BA5EF582027CC9000FE4389 /* LaunchScreen.storyboard in Resources */ = {isa = PBXBuildFile; fileRef = 8BA5EF562027CC9000FE4389 /* LaunchScreen.storyboard */; };
		8BA5EF632027CC9000FE4389 /* AssignmentTests.swift in Sources */ = {isa = PBXBuildFile; fileRef = 8BA5EF622027CC9000FE4389 /* AssignmentTests.swift */; };
		8BA5EF6E2027CCBB00FE4389 /* Constants.swift in Sources */ = {isa = PBXBuildFile; fileRef = 8BA5EF6D2027CCBB00FE4389 /* Constants.swift */; };
		B2462F2CB1C8420B77162A3E /* Pods_AssignmentTests.framework in Frameworks */ = {isa = PBXBuildFile; fileRef = 8A5D745B6CAA2C176B6087DD /* Pods_AssignmentTests.framework */; };
/* End PBXBuildFile section */

/* Begin PBXContainerItemProxy section */
		8BA5EF5F2027CC9000FE4389 /* PBXContainerItemProxy */ = {
			isa = PBXContainerItemProxy;
			containerPortal = 8BA5EF422027CC9000FE4389 /* Project object */;
			proxyType = 1;
			remoteGlobalIDString = 8BA5EF492027CC9000FE4389;
			remoteInfo = Assignment;
		};
/* End PBXContainerItemProxy section */

/* Begin PBXFileReference section */
		2167347BA69CDC4EF12ADBE7 /* Pods-Assignment.release.xcconfig */ = {isa = PBXFileReference; includeInIndex = 1; lastKnownFileType = text.xcconfig; name = "Pods-Assignment.release.xcconfig"; path = "Pods/Target Support Files/Pods-Assignment/Pods-Assignment.release.xcconfig"; sourceTree = "<group>"; };
		2392BE8D20290B5E00C6AAC2 /* UserService.swift */ = {isa = PBXFileReference; lastKnownFileType = sourcecode.swift; path = UserService.swift; sourceTree = "<group>"; };
		2392BE9020290E4000C6AAC2 /* NetworkService.swift */ = {isa = PBXFileReference; lastKnownFileType = sourcecode.swift; path = NetworkService.swift; sourceTree = "<group>"; };
		239EF9D1202924C500E9FD6A /* Course.swift */ = {isa = PBXFileReference; lastKnownFileType = sourcecode.swift; path = Course.swift; sourceTree = "<group>"; };
		239EF9D320292A4B00E9FD6A /* UIColor+Extensions.swift */ = {isa = PBXFileReference; lastKnownFileType = sourcecode.swift; path = "UIColor+Extensions.swift"; sourceTree = "<group>"; };
		239EF9D520293FD000E9FD6A /* LoginViewController.swift */ = {isa = PBXFileReference; lastKnownFileType = sourcecode.swift; path = LoginViewController.swift; sourceTree = "<group>"; };
		239EF9D7202945CD00E9FD6A /* App.storyboard */ = {isa = PBXFileReference; lastKnownFileType = file.storyboard; path = App.storyboard; sourceTree = "<group>"; };
		239EF9DD20294E9300E9FD6A /* LoginViewModel.swift */ = {isa = PBXFileReference; lastKnownFileType = sourcecode.swift; path = LoginViewModel.swift; sourceTree = "<group>"; };
		23A21DA12029768A00525C8D /* LectureSegment.swift */ = {isa = PBXFileReference; lastKnownFileType = sourcecode.swift; path = LectureSegment.swift; sourceTree = "<group>"; };
		23A21DA32029774500525C8D /* LectureFile.swift */ = {isa = PBXFileReference; lastKnownFileType = sourcecode.swift; path = LectureFile.swift; sourceTree = "<group>"; };
		23A21DA520297BF500525C8D /* Slide.swift */ = {isa = PBXFileReference; lastKnownFileType = sourcecode.swift; path = Slide.swift; sourceTree = "<group>"; };
		23A21DA7202A0DA000525C8D /* Module.swift */ = {isa = PBXFileReference; lastKnownFileType = sourcecode.swift; path = Module.swift; sourceTree = "<group>"; };
		23A21DAA202A14C100525C8D /* AuthenticationManager.swift */ = {isa = PBXFileReference; lastKnownFileType = sourcecode.swift; path = AuthenticationManager.swift; sourceTree = "<group>"; };
		23A21DAD202A2D1900525C8D /* CourseManager.swift */ = {isa = PBXFileReference; lastKnownFileType = sourcecode.swift; path = CourseManager.swift; sourceTree = "<group>"; };
		23A21DB1202A390500525C8D /* CourseViewController.swift */ = {isa = PBXFileReference; lastKnownFileType = sourcecode.swift; path = CourseViewController.swift; sourceTree = "<group>"; };
		23A21DB4202A414F00525C8D /* CourseViewModel.swift */ = {isa = PBXFileReference; lastKnownFileType = sourcecode.swift; path = CourseViewModel.swift; sourceTree = "<group>"; };
		23A21DB6202A540C00525C8D /* Realm+Extensions.swift */ = {isa = PBXFileReference; lastKnownFileType = sourcecode.swift; path = "Realm+Extensions.swift"; sourceTree = "<group>"; };
		23B05B7C2029638C00F95ED3 /* CourseService.swift */ = {isa = PBXFileReference; lastKnownFileType = sourcecode.swift; path = CourseService.swift; sourceTree = "<group>"; };
		23D1C9802028E4D4004EE76B /* NetworkError.swift */ = {isa = PBXFileReference; lastKnownFileType = sourcecode.swift; path = NetworkError.swift; sourceTree = "<group>"; };
		23D1C9832028F080004EE76B /* TokenService.swift */ = {isa = PBXFileReference; lastKnownFileType = sourcecode.swift; path = TokenService.swift; sourceTree = "<group>"; };
		23D1C9852028F1F2004EE76B /* GlobalFunctions.swift */ = {isa = PBXFileReference; lastKnownFileType = sourcecode.swift; path = GlobalFunctions.swift; sourceTree = "<group>"; };
		23E534122028D26C0094633E /* User.swift */ = {isa = PBXFileReference; lastKnownFileType = sourcecode.swift; path = User.swift; sourceTree = "<group>"; };
		2B232CBE368537AC4E6DA9F9 /* Pods-Assignment.debug.xcconfig */ = {isa = PBXFileReference; includeInIndex = 1; lastKnownFileType = text.xcconfig; name = "Pods-Assignment.debug.xcconfig"; path = "Pods/Target Support Files/Pods-Assignment/Pods-Assignment.debug.xcconfig"; sourceTree = "<group>"; };
		6639ADD29CFB24ABD4D96EDE /* Pods_Assignment.framework */ = {isa = PBXFileReference; explicitFileType = wrapper.framework; includeInIndex = 0; path = Pods_Assignment.framework; sourceTree = BUILT_PRODUCTS_DIR; };
		8A5D745B6CAA2C176B6087DD /* Pods_AssignmentTests.framework */ = {isa = PBXFileReference; explicitFileType = wrapper.framework; includeInIndex = 0; path = Pods_AssignmentTests.framework; sourceTree = BUILT_PRODUCTS_DIR; };
		8B3497B22027D2BC00AAEF98 /* Client.swift */ = {isa = PBXFileReference; fileEncoding = 4; lastKnownFileType = sourcecode.swift; path = Client.swift; sourceTree = "<group>"; };
		8BA5EF4A2027CC9000FE4389 /* Assignment.app */ = {isa = PBXFileReference; explicitFileType = wrapper.application; includeInIndex = 0; path = Assignment.app; sourceTree = BUILT_PRODUCTS_DIR; };
		8BA5EF4D2027CC9000FE4389 /* AppDelegate.swift */ = {isa = PBXFileReference; lastKnownFileType = sourcecode.swift; path = AppDelegate.swift; sourceTree = "<group>"; };
		8BA5EF522027CC9000FE4389 /* Base */ = {isa = PBXFileReference; lastKnownFileType = file.storyboard; name = Base; path = Base.lproj/Login.storyboard; sourceTree = "<group>"; };
		8BA5EF542027CC9000FE4389 /* Assets.xcassets */ = {isa = PBXFileReference; lastKnownFileType = folder.assetcatalog; path = Assets.xcassets; sourceTree = "<group>"; };
		8BA5EF572027CC9000FE4389 /* Base */ = {isa = PBXFileReference; lastKnownFileType = file.storyboard; name = Base; path = Base.lproj/LaunchScreen.storyboard; sourceTree = "<group>"; };
		8BA5EF592027CC9000FE4389 /* Info.plist */ = {isa = PBXFileReference; lastKnownFileType = text.plist.xml; path = Info.plist; sourceTree = "<group>"; };
		8BA5EF5E2027CC9000FE4389 /* AssignmentTests.xctest */ = {isa = PBXFileReference; explicitFileType = wrapper.cfbundle; includeInIndex = 0; path = AssignmentTests.xctest; sourceTree = BUILT_PRODUCTS_DIR; };
		8BA5EF622027CC9000FE4389 /* AssignmentTests.swift */ = {isa = PBXFileReference; lastKnownFileType = sourcecode.swift; path = AssignmentTests.swift; sourceTree = "<group>"; };
		8BA5EF642027CC9000FE4389 /* Info.plist */ = {isa = PBXFileReference; lastKnownFileType = text.plist.xml; path = Info.plist; sourceTree = "<group>"; };
		8BA5EF6D2027CCBB00FE4389 /* Constants.swift */ = {isa = PBXFileReference; fileEncoding = 4; lastKnownFileType = sourcecode.swift; path = Constants.swift; sourceTree = "<group>"; };
		F0CA007029439459CF9B5E7F /* Pods-AssignmentTests.debug.xcconfig */ = {isa = PBXFileReference; includeInIndex = 1; lastKnownFileType = text.xcconfig; name = "Pods-AssignmentTests.debug.xcconfig"; path = "Pods/Target Support Files/Pods-AssignmentTests/Pods-AssignmentTests.debug.xcconfig"; sourceTree = "<group>"; };
		F54500708762252B1D0A799C /* Pods-AssignmentTests.release.xcconfig */ = {isa = PBXFileReference; includeInIndex = 1; lastKnownFileType = text.xcconfig; name = "Pods-AssignmentTests.release.xcconfig"; path = "Pods/Target Support Files/Pods-AssignmentTests/Pods-AssignmentTests.release.xcconfig"; sourceTree = "<group>"; };
/* End PBXFileReference section */

/* Begin PBXFrameworksBuildPhase section */
		8BA5EF472027CC9000FE4389 /* Frameworks */ = {
			isa = PBXFrameworksBuildPhase;
			buildActionMask = 2147483647;
			files = (
				8039A5ECA9F007015A569395 /* Pods_Assignment.framework in Frameworks */,
			);
			runOnlyForDeploymentPostprocessing = 0;
		};
		8BA5EF5B2027CC9000FE4389 /* Frameworks */ = {
			isa = PBXFrameworksBuildPhase;
			buildActionMask = 2147483647;
			files = (
				B2462F2CB1C8420B77162A3E /* Pods_AssignmentTests.framework in Frameworks */,
			);
			runOnlyForDeploymentPostprocessing = 0;
		};
/* End PBXFrameworksBuildPhase section */

/* Begin PBXGroup section */
		239EF9DB20294E7D00E9FD6A /* Login */ = {
			isa = PBXGroup;
			children = (
				239EF9D520293FD000E9FD6A /* LoginViewController.swift */,
				239EF9DC20294E8800E9FD6A /* View Models */,
			);
			name = Login;
			sourceTree = "<group>";
		};
		239EF9DC20294E8800E9FD6A /* View Models */ = {
			isa = PBXGroup;
			children = (
				239EF9DD20294E9300E9FD6A /* LoginViewModel.swift */,
			);
			name = "View Models";
			sourceTree = "<group>";
		};
		239EF9DF202952E600E9FD6A /* Application Delegate */ = {
			isa = PBXGroup;
			children = (
				8BA5EF4D2027CC9000FE4389 /* AppDelegate.swift */,
			);
			name = "Application Delegate";
			sourceTree = "<group>";
		};
		239EF9E0202952F900E9FD6A /* Supporting Files */ = {
			isa = PBXGroup;
			children = (
			);
			name = "Supporting Files";
			sourceTree = "<group>";
		};
		239EF9E12029532500E9FD6A /* Storyboards */ = {
			isa = PBXGroup;
			children = (
				8BA5EF512027CC9000FE4389 /* Login.storyboard */,
				239EF9D7202945CD00E9FD6A /* App.storyboard */,
				8BA5EF562027CC9000FE4389 /* LaunchScreen.storyboard */,
			);
			name = Storyboards;
			sourceTree = "<group>";
		};
		23A21DA9202A149900525C8D /* Services */ = {
			isa = PBXGroup;
			children = (
				2392BE9020290E4000C6AAC2 /* NetworkService.swift */,
				23D1C9832028F080004EE76B /* TokenService.swift */,
				2392BE8D20290B5E00C6AAC2 /* UserService.swift */,
				23B05B7C2029638C00F95ED3 /* CourseService.swift */,
			);
			name = Services;
			sourceTree = "<group>";
		};
		23A21DAC202A14DE00525C8D /* Managers */ = {
			isa = PBXGroup;
			children = (
				23A21DAA202A14C100525C8D /* AuthenticationManager.swift */,
				23A21DAD202A2D1900525C8D /* CourseManager.swift */,
			);
			name = Managers;
			sourceTree = "<group>";
		};
		23A21DB3202A391800525C8D /* Course */ = {
			isa = PBXGroup;
			children = (
				23A21DB1202A390500525C8D /* CourseViewController.swift */,
				23A21DB4202A414F00525C8D /* CourseViewModel.swift */,
			);
			name = Course;
			sourceTree = "<group>";
		};
		23D1C97F2028E4B9004EE76B /* Networking */ = {
			isa = PBXGroup;
			children = (
				8B3497B22027D2BC00AAEF98 /* Client.swift */,
				23A21DAC202A14DE00525C8D /* Managers */,
				23A21DA9202A149900525C8D /* Services */,
				23D1C9802028E4D4004EE76B /* NetworkError.swift */,
			);
			name = Networking;
			sourceTree = "<group>";
		};
		23D1C9822028E59F004EE76B /* Realm */ = {
			isa = PBXGroup;
			children = (
				23E534122028D26C0094633E /* User.swift */,
				239EF9D1202924C500E9FD6A /* Course.swift */,
				23A21DA7202A0DA000525C8D /* Module.swift */,
				23A21DA12029768A00525C8D /* LectureSegment.swift */,
				23A21DA32029774500525C8D /* LectureFile.swift */,
				23A21DA520297BF500525C8D /* Slide.swift */,
			);
			name = Realm;
			sourceTree = "<group>";
		};
		8B3497B42027D42700AAEF98 /* Models */ = {
			isa = PBXGroup;
			children = (
				23D1C9822028E59F004EE76B /* Realm */,
			);
			name = Models;
			sourceTree = "<group>";
		};
		8B3497B52027D42B00AAEF98 /* View Controllers */ = {
			isa = PBXGroup;
			children = (
				239EF9DB20294E7D00E9FD6A /* Login */,
				23A21DB3202A391800525C8D /* Course */,
			);
			name = "View Controllers";
			sourceTree = "<group>";
		};
		8B3497B62027DD6800AAEF98 /* Helpers */ = {
			isa = PBXGroup;
			children = (
				8BA5EF6D2027CCBB00FE4389 /* Constants.swift */,
				23D1C9852028F1F2004EE76B /* GlobalFunctions.swift */,
				239EF9D320292A4B00E9FD6A /* UIColor+Extensions.swift */,
				23A21DB6202A540C00525C8D /* Realm+Extensions.swift */,
			);
			name = Helpers;
			sourceTree = "<group>";
		};
		8B3497B72027DD7300AAEF98 /* Resources */ = {
			isa = PBXGroup;
			children = (
				8BA5EF542027CC9000FE4389 /* Assets.xcassets */,
			);
			name = Resources;
			sourceTree = "<group>";
		};
		8BA5EF412027CC9000FE4389 = {
			isa = PBXGroup;
			children = (
				8BA5EF4C2027CC9000FE4389 /* Assignment */,
				8BA5EF612027CC9000FE4389 /* AssignmentTests */,
				8BA5EF4B2027CC9000FE4389 /* Products */,
				D1753698A488AE0F4420452C /* Pods */,
				8EC01A4B5AD9723F51AC4A8C /* Frameworks */,
			);
			sourceTree = "<group>";
		};
		8BA5EF4B2027CC9000FE4389 /* Products */ = {
			isa = PBXGroup;
			children = (
				8BA5EF4A2027CC9000FE4389 /* Assignment.app */,
				8BA5EF5E2027CC9000FE4389 /* AssignmentTests.xctest */,
			);
			name = Products;
			sourceTree = "<group>";
		};
		8BA5EF4C2027CC9000FE4389 /* Assignment */ = {
			isa = PBXGroup;
			children = (
				239EF9DF202952E600E9FD6A /* Application Delegate */,
				8B3497B62027DD6800AAEF98 /* Helpers */,
				8B3497B42027D42700AAEF98 /* Models */,
				23D1C97F2028E4B9004EE76B /* Networking */,
				239EF9E12029532500E9FD6A /* Storyboards */,
				8B3497B72027DD7300AAEF98 /* Resources */,
				8B3497B52027D42B00AAEF98 /* View Controllers */,
				239EF9E0202952F900E9FD6A /* Supporting Files */,
				8BA5EF592027CC9000FE4389 /* Info.plist */,
			);
			path = Assignment;
			sourceTree = "<group>";
		};
		8BA5EF612027CC9000FE4389 /* AssignmentTests */ = {
			isa = PBXGroup;
			children = (
				8BA5EF622027CC9000FE4389 /* AssignmentTests.swift */,
				8BA5EF642027CC9000FE4389 /* Info.plist */,
			);
			path = AssignmentTests;
			sourceTree = "<group>";
		};
		8EC01A4B5AD9723F51AC4A8C /* Frameworks */ = {
			isa = PBXGroup;
			children = (
				6639ADD29CFB24ABD4D96EDE /* Pods_Assignment.framework */,
				8A5D745B6CAA2C176B6087DD /* Pods_AssignmentTests.framework */,
			);
			name = Frameworks;
			sourceTree = "<group>";
		};
		D1753698A488AE0F4420452C /* Pods */ = {
			isa = PBXGroup;
			children = (
				2B232CBE368537AC4E6DA9F9 /* Pods-Assignment.debug.xcconfig */,
				2167347BA69CDC4EF12ADBE7 /* Pods-Assignment.release.xcconfig */,
				F0CA007029439459CF9B5E7F /* Pods-AssignmentTests.debug.xcconfig */,
				F54500708762252B1D0A799C /* Pods-AssignmentTests.release.xcconfig */,
			);
			name = Pods;
			sourceTree = "<group>";
		};
/* End PBXGroup section */

/* Begin PBXNativeTarget section */
		8BA5EF492027CC9000FE4389 /* Assignment */ = {
			isa = PBXNativeTarget;
			buildConfigurationList = 8BA5EF672027CC9000FE4389 /* Build configuration list for PBXNativeTarget "Assignment" */;
			buildPhases = (
				2CAA1576EFF284581F9661E2 /* [CP] Check Pods Manifest.lock */,
				8BA5EF462027CC9000FE4389 /* Sources */,
				8BA5EF472027CC9000FE4389 /* Frameworks */,
				8BA5EF482027CC9000FE4389 /* Resources */,
				C270910105394700CBA09B5F /* [CP] Embed Pods Frameworks */,
				D1C11CE417CB75C4C1A1135A /* [CP] Copy Pods Resources */,
			);
			buildRules = (
			);
			dependencies = (
			);
			name = Assignment;
			productName = Assignment;
			productReference = 8BA5EF4A2027CC9000FE4389 /* Assignment.app */;
			productType = "com.apple.product-type.application";
		};
		8BA5EF5D2027CC9000FE4389 /* AssignmentTests */ = {
			isa = PBXNativeTarget;
			buildConfigurationList = 8BA5EF6A2027CC9000FE4389 /* Build configuration list for PBXNativeTarget "AssignmentTests" */;
			buildPhases = (
				7D4A0CB88C3D2CC4EFE678AE /* [CP] Check Pods Manifest.lock */,
				8BA5EF5A2027CC9000FE4389 /* Sources */,
				8BA5EF5B2027CC9000FE4389 /* Frameworks */,
				8BA5EF5C2027CC9000FE4389 /* Resources */,
				654601D1DBF1EA6B4DF33EFB /* [CP] Embed Pods Frameworks */,
				B14D1D2AEBB6B49DAC42AFF9 /* [CP] Copy Pods Resources */,
			);
			buildRules = (
			);
			dependencies = (
				8BA5EF602027CC9000FE4389 /* PBXTargetDependency */,
			);
			name = AssignmentTests;
			productName = AssignmentTests;
			productReference = 8BA5EF5E2027CC9000FE4389 /* AssignmentTests.xctest */;
			productType = "com.apple.product-type.bundle.unit-test";
		};
/* End PBXNativeTarget section */

/* Begin PBXProject section */
		8BA5EF422027CC9000FE4389 /* Project object */ = {
			isa = PBXProject;
			attributes = {
				LastSwiftUpdateCheck = 0820;
				LastUpgradeCheck = 0820;
				ORGANIZATIONNAME = ExecOnline;
				TargetAttributes = {
					8BA5EF492027CC9000FE4389 = {
						CreatedOnToolsVersion = 8.2.1;
						DevelopmentTeam = TZJ7BHR5V6;
						LastSwiftMigration = 0920;
						ProvisioningStyle = Automatic;
					};
					8BA5EF5D2027CC9000FE4389 = {
						CreatedOnToolsVersion = 8.2.1;
						DevelopmentTeam = TZJ7BHR5V6;
						LastSwiftMigration = 0920;
						ProvisioningStyle = Automatic;
						TestTargetID = 8BA5EF492027CC9000FE4389;
					};
				};
			};
			buildConfigurationList = 8BA5EF452027CC9000FE4389 /* Build configuration list for PBXProject "Assignment" */;
			compatibilityVersion = "Xcode 3.2";
			developmentRegion = English;
			hasScannedForEncodings = 0;
			knownRegions = (
				en,
				Base,
			);
			mainGroup = 8BA5EF412027CC9000FE4389;
			productRefGroup = 8BA5EF4B2027CC9000FE4389 /* Products */;
			projectDirPath = "";
			projectRoot = "";
			targets = (
				8BA5EF492027CC9000FE4389 /* Assignment */,
				8BA5EF5D2027CC9000FE4389 /* AssignmentTests */,
			);
		};
/* End PBXProject section */

/* Begin PBXResourcesBuildPhase section */
		8BA5EF482027CC9000FE4389 /* Resources */ = {
			isa = PBXResourcesBuildPhase;
			buildActionMask = 2147483647;
			files = (
				8BA5EF582027CC9000FE4389 /* LaunchScreen.storyboard in Resources */,
				8BA5EF552027CC9000FE4389 /* Assets.xcassets in Resources */,
				239EF9D8202945CD00E9FD6A /* App.storyboard in Resources */,
				8BA5EF532027CC9000FE4389 /* Login.storyboard in Resources */,
			);
			runOnlyForDeploymentPostprocessing = 0;
		};
		8BA5EF5C2027CC9000FE4389 /* Resources */ = {
			isa = PBXResourcesBuildPhase;
			buildActionMask = 2147483647;
			files = (
			);
			runOnlyForDeploymentPostprocessing = 0;
		};
/* End PBXResourcesBuildPhase section */

/* Begin PBXShellScriptBuildPhase section */
		2CAA1576EFF284581F9661E2 /* [CP] Check Pods Manifest.lock */ = {
			isa = PBXShellScriptBuildPhase;
			buildActionMask = 2147483647;
			files = (
			);
			inputPaths = (
				"${PODS_PODFILE_DIR_PATH}/Podfile.lock",
				"${PODS_ROOT}/Manifest.lock",
			);
			name = "[CP] Check Pods Manifest.lock";
			outputPaths = (
				"$(DERIVED_FILE_DIR)/Pods-Assignment-checkManifestLockResult.txt",
			);
			runOnlyForDeploymentPostprocessing = 0;
			shellPath = /bin/sh;
			shellScript = "diff \"${PODS_PODFILE_DIR_PATH}/Podfile.lock\" \"${PODS_ROOT}/Manifest.lock\" > /dev/null\nif [ $? != 0 ] ; then\n    # print error to STDERR\n    echo \"error: The sandbox is not in sync with the Podfile.lock. Run 'pod install' or update your CocoaPods installation.\" >&2\n    exit 1\nfi\n# This output is used by Xcode 'outputs' to avoid re-running this script phase.\necho \"SUCCESS\" > \"${SCRIPT_OUTPUT_FILE_0}\"\n";
			showEnvVarsInLog = 0;
		};
		654601D1DBF1EA6B4DF33EFB /* [CP] Embed Pods Frameworks */ = {
			isa = PBXShellScriptBuildPhase;
			buildActionMask = 2147483647;
			files = (
			);
			inputPaths = (
			);
			name = "[CP] Embed Pods Frameworks";
			outputPaths = (
			);
			runOnlyForDeploymentPostprocessing = 0;
			shellPath = /bin/sh;
			shellScript = "\"${SRCROOT}/Pods/Target Support Files/Pods-AssignmentTests/Pods-AssignmentTests-frameworks.sh\"\n";
			showEnvVarsInLog = 0;
		};
		7D4A0CB88C3D2CC4EFE678AE /* [CP] Check Pods Manifest.lock */ = {
			isa = PBXShellScriptBuildPhase;
			buildActionMask = 2147483647;
			files = (
			);
			inputPaths = (
				"${PODS_PODFILE_DIR_PATH}/Podfile.lock",
				"${PODS_ROOT}/Manifest.lock",
			);
			name = "[CP] Check Pods Manifest.lock";
			outputPaths = (
				"$(DERIVED_FILE_DIR)/Pods-AssignmentTests-checkManifestLockResult.txt",
			);
			runOnlyForDeploymentPostprocessing = 0;
			shellPath = /bin/sh;
			shellScript = "diff \"${PODS_PODFILE_DIR_PATH}/Podfile.lock\" \"${PODS_ROOT}/Manifest.lock\" > /dev/null\nif [ $? != 0 ] ; then\n    # print error to STDERR\n    echo \"error: The sandbox is not in sync with the Podfile.lock. Run 'pod install' or update your CocoaPods installation.\" >&2\n    exit 1\nfi\n# This output is used by Xcode 'outputs' to avoid re-running this script phase.\necho \"SUCCESS\" > \"${SCRIPT_OUTPUT_FILE_0}\"\n";
			showEnvVarsInLog = 0;
		};
		B14D1D2AEBB6B49DAC42AFF9 /* [CP] Copy Pods Resources */ = {
			isa = PBXShellScriptBuildPhase;
			buildActionMask = 2147483647;
			files = (
			);
			inputPaths = (
			);
			name = "[CP] Copy Pods Resources";
			outputPaths = (
			);
			runOnlyForDeploymentPostprocessing = 0;
			shellPath = /bin/sh;
			shellScript = "\"${SRCROOT}/Pods/Target Support Files/Pods-AssignmentTests/Pods-AssignmentTests-resources.sh\"\n";
			showEnvVarsInLog = 0;
		};
		C270910105394700CBA09B5F /* [CP] Embed Pods Frameworks */ = {
			isa = PBXShellScriptBuildPhase;
			buildActionMask = 2147483647;
			files = (
			);
			inputPaths = (
				"${SRCROOT}/Pods/Target Support Files/Pods-Assignment/Pods-Assignment-frameworks.sh",
				"${BUILT_PRODUCTS_DIR}/Alamofire/Alamofire.framework",
				"${BUILT_PRODUCTS_DIR}/Bond/Bond.framework",
				"${BUILT_PRODUCTS_DIR}/Differ/Differ.framework",
				"${BUILT_PRODUCTS_DIR}/KeychainAccess/KeychainAccess.framework",
				"${BUILT_PRODUCTS_DIR}/Moya/Moya.framework",
				"${BUILT_PRODUCTS_DIR}/ObjectMapper/ObjectMapper.framework",
				"${BUILT_PRODUCTS_DIR}/ReactiveKit/ReactiveKit.framework",
				"${BUILT_PRODUCTS_DIR}/Realm/Realm.framework",
				"${BUILT_PRODUCTS_DIR}/RealmSwift/RealmSwift.framework",
				"${BUILT_PRODUCTS_DIR}/Result/Result.framework",
				"${BUILT_PRODUCTS_DIR}/thenPromise/then.framework",
			);
			name = "[CP] Embed Pods Frameworks";
			outputPaths = (
				"${TARGET_BUILD_DIR}/${FRAMEWORKS_FOLDER_PATH}/Alamofire.framework",
				"${TARGET_BUILD_DIR}/${FRAMEWORKS_FOLDER_PATH}/Bond.framework",
				"${TARGET_BUILD_DIR}/${FRAMEWORKS_FOLDER_PATH}/Differ.framework",
				"${TARGET_BUILD_DIR}/${FRAMEWORKS_FOLDER_PATH}/KeychainAccess.framework",
				"${TARGET_BUILD_DIR}/${FRAMEWORKS_FOLDER_PATH}/Moya.framework",
				"${TARGET_BUILD_DIR}/${FRAMEWORKS_FOLDER_PATH}/ObjectMapper.framework",
				"${TARGET_BUILD_DIR}/${FRAMEWORKS_FOLDER_PATH}/ReactiveKit.framework",
				"${TARGET_BUILD_DIR}/${FRAMEWORKS_FOLDER_PATH}/Realm.framework",
				"${TARGET_BUILD_DIR}/${FRAMEWORKS_FOLDER_PATH}/RealmSwift.framework",
				"${TARGET_BUILD_DIR}/${FRAMEWORKS_FOLDER_PATH}/Result.framework",
				"${TARGET_BUILD_DIR}/${FRAMEWORKS_FOLDER_PATH}/then.framework",
			);
			runOnlyForDeploymentPostprocessing = 0;
			shellPath = /bin/sh;
			shellScript = "\"${SRCROOT}/Pods/Target Support Files/Pods-Assignment/Pods-Assignment-frameworks.sh\"\n";
			showEnvVarsInLog = 0;
		};
		D1C11CE417CB75C4C1A1135A /* [CP] Copy Pods Resources */ = {
			isa = PBXShellScriptBuildPhase;
			buildActionMask = 2147483647;
			files = (
			);
			inputPaths = (
			);
			name = "[CP] Copy Pods Resources";
			outputPaths = (
			);
			runOnlyForDeploymentPostprocessing = 0;
			shellPath = /bin/sh;
			shellScript = "\"${SRCROOT}/Pods/Target Support Files/Pods-Assignment/Pods-Assignment-resources.sh\"\n";
			showEnvVarsInLog = 0;
		};
/* End PBXShellScriptBuildPhase section */

/* Begin PBXSourcesBuildPhase section */
		8BA5EF462027CC9000FE4389 /* Sources */ = {
			isa = PBXSourcesBuildPhase;
			buildActionMask = 2147483647;
			files = (
				23A21DA42029774500525C8D /* LectureFile.swift in Sources */,
				2392BE9120290E4000C6AAC2 /* NetworkService.swift in Sources */,
				239EF9D2202924C500E9FD6A /* Course.swift in Sources */,
				23A21DAE202A2D1900525C8D /* CourseManager.swift in Sources */,
				23D1C9842028F080004EE76B /* TokenService.swift in Sources */,
				23A21DB7202A540C00525C8D /* Realm+Extensions.swift in Sources */,
				8B3497B32027D2BC00AAEF98 /* Client.swift in Sources */,
				2392BE8E20290B5F00C6AAC2 /* UserService.swift in Sources */,
				23A21DA22029768A00525C8D /* LectureSegment.swift in Sources */,
				239EF9DE20294E9300E9FD6A /* LoginViewModel.swift in Sources */,
				23A21DA8202A0DA000525C8D /* Module.swift in Sources */,
				23D1C9862028F1F2004EE76B /* GlobalFunctions.swift in Sources */,
				23A21DB5202A414F00525C8D /* CourseViewModel.swift in Sources */,
				23B05B7D2029638C00F95ED3 /* CourseService.swift in Sources */,
				23A21DB2202A390500525C8D /* CourseViewController.swift in Sources */,
				239EF9D420292A4B00E9FD6A /* UIColor+Extensions.swift in Sources */,
				23A21DAB202A14C100525C8D /* AuthenticationManager.swift in Sources */,
				8BA5EF4E2027CC9000FE4389 /* AppDelegate.swift in Sources */,
				23D1C9812028E4D4004EE76B /* NetworkError.swift in Sources */,
				23E534132028D26C0094633E /* User.swift in Sources */,
				23A21DA620297BF500525C8D /* Slide.swift in Sources */,
				239EF9D620293FD000E9FD6A /* LoginViewController.swift in Sources */,
				8BA5EF6E2027CCBB00FE4389 /* Constants.swift in Sources */,
			);
			runOnlyForDeploymentPostprocessing = 0;
		};
		8BA5EF5A2027CC9000FE4389 /* Sources */ = {
			isa = PBXSourcesBuildPhase;
			buildActionMask = 2147483647;
			files = (
				8BA5EF632027CC9000FE4389 /* AssignmentTests.swift in Sources */,
			);
			runOnlyForDeploymentPostprocessing = 0;
		};
/* End PBXSourcesBuildPhase section */

/* Begin PBXTargetDependency section */
		8BA5EF602027CC9000FE4389 /* PBXTargetDependency */ = {
			isa = PBXTargetDependency;
			target = 8BA5EF492027CC9000FE4389 /* Assignment */;
			targetProxy = 8BA5EF5F2027CC9000FE4389 /* PBXContainerItemProxy */;
		};
/* End PBXTargetDependency section */

/* Begin PBXVariantGroup section */
		8BA5EF512027CC9000FE4389 /* Login.storyboard */ = {
			isa = PBXVariantGroup;
			children = (
				8BA5EF522027CC9000FE4389 /* Base */,
			);
			name = Login.storyboard;
			sourceTree = "<group>";
		};
		8BA5EF562027CC9000FE4389 /* LaunchScreen.storyboard */ = {
			isa = PBXVariantGroup;
			children = (
				8BA5EF572027CC9000FE4389 /* Base */,
			);
			name = LaunchScreen.storyboard;
			sourceTree = "<group>";
		};
/* End PBXVariantGroup section */

/* Begin XCBuildConfiguration section */
		8BA5EF652027CC9000FE4389 /* Debug */ = {
			isa = XCBuildConfiguration;
			buildSettings = {
				ALWAYS_SEARCH_USER_PATHS = NO;
				CLANG_ANALYZER_NONNULL = YES;
				CLANG_CXX_LANGUAGE_STANDARD = "gnu++0x";
				CLANG_CXX_LIBRARY = "libc++";
				CLANG_ENABLE_MODULES = YES;
				CLANG_ENABLE_OBJC_ARC = YES;
				CLANG_WARN_BOOL_CONVERSION = YES;
				CLANG_WARN_CONSTANT_CONVERSION = YES;
				CLANG_WARN_DIRECT_OBJC_ISA_USAGE = YES_ERROR;
				CLANG_WARN_DOCUMENTATION_COMMENTS = YES;
				CLANG_WARN_EMPTY_BODY = YES;
				CLANG_WARN_ENUM_CONVERSION = YES;
				CLANG_WARN_INFINITE_RECURSION = YES;
				CLANG_WARN_INT_CONVERSION = YES;
				CLANG_WARN_OBJC_ROOT_CLASS = YES_ERROR;
				CLANG_WARN_SUSPICIOUS_MOVE = YES;
				CLANG_WARN_UNREACHABLE_CODE = YES;
				CLANG_WARN__DUPLICATE_METHOD_MATCH = YES;
				"CODE_SIGN_IDENTITY[sdk=iphoneos*]" = "iPhone Developer";
				COPY_PHASE_STRIP = NO;
				DEBUG_INFORMATION_FORMAT = dwarf;
				ENABLE_STRICT_OBJC_MSGSEND = YES;
				ENABLE_TESTABILITY = YES;
				GCC_C_LANGUAGE_STANDARD = gnu99;
				GCC_DYNAMIC_NO_PIC = NO;
				GCC_NO_COMMON_BLOCKS = YES;
				GCC_OPTIMIZATION_LEVEL = 0;
				GCC_PREPROCESSOR_DEFINITIONS = (
					"DEBUG=1",
					"$(inherited)",
				);
				GCC_WARN_64_TO_32_BIT_CONVERSION = YES;
				GCC_WARN_ABOUT_RETURN_TYPE = YES_ERROR;
				GCC_WARN_UNDECLARED_SELECTOR = YES;
				GCC_WARN_UNINITIALIZED_AUTOS = YES_AGGRESSIVE;
				GCC_WARN_UNUSED_FUNCTION = YES;
				GCC_WARN_UNUSED_VARIABLE = YES;
				IPHONEOS_DEPLOYMENT_TARGET = 10.2;
				MTL_ENABLE_DEBUG_INFO = YES;
				ONLY_ACTIVE_ARCH = YES;
				SDKROOT = iphoneos;
				SWIFT_ACTIVE_COMPILATION_CONDITIONS = DEBUG;
				SWIFT_OPTIMIZATION_LEVEL = "-Onone";
				TARGETED_DEVICE_FAMILY = "1,2";
			};
			name = Debug;
		};
		8BA5EF662027CC9000FE4389 /* Release */ = {
			isa = XCBuildConfiguration;
			buildSettings = {
				ALWAYS_SEARCH_USER_PATHS = NO;
				CLANG_ANALYZER_NONNULL = YES;
				CLANG_CXX_LANGUAGE_STANDARD = "gnu++0x";
				CLANG_CXX_LIBRARY = "libc++";
				CLANG_ENABLE_MODULES = YES;
				CLANG_ENABLE_OBJC_ARC = YES;
				CLANG_WARN_BOOL_CONVERSION = YES;
				CLANG_WARN_CONSTANT_CONVERSION = YES;
				CLANG_WARN_DIRECT_OBJC_ISA_USAGE = YES_ERROR;
				CLANG_WARN_DOCUMENTATION_COMMENTS = YES;
				CLANG_WARN_EMPTY_BODY = YES;
				CLANG_WARN_ENUM_CONVERSION = YES;
				CLANG_WARN_INFINITE_RECURSION = YES;
				CLANG_WARN_INT_CONVERSION = YES;
				CLANG_WARN_OBJC_ROOT_CLASS = YES_ERROR;
				CLANG_WARN_SUSPICIOUS_MOVE = YES;
				CLANG_WARN_UNREACHABLE_CODE = YES;
				CLANG_WARN__DUPLICATE_METHOD_MATCH = YES;
				"CODE_SIGN_IDENTITY[sdk=iphoneos*]" = "iPhone Developer";
				COPY_PHASE_STRIP = NO;
				DEBUG_INFORMATION_FORMAT = "dwarf-with-dsym";
				ENABLE_NS_ASSERTIONS = NO;
				ENABLE_STRICT_OBJC_MSGSEND = YES;
				GCC_C_LANGUAGE_STANDARD = gnu99;
				GCC_NO_COMMON_BLOCKS = YES;
				GCC_WARN_64_TO_32_BIT_CONVERSION = YES;
				GCC_WARN_ABOUT_RETURN_TYPE = YES_ERROR;
				GCC_WARN_UNDECLARED_SELECTOR = YES;
				GCC_WARN_UNINITIALIZED_AUTOS = YES_AGGRESSIVE;
				GCC_WARN_UNUSED_FUNCTION = YES;
				GCC_WARN_UNUSED_VARIABLE = YES;
				IPHONEOS_DEPLOYMENT_TARGET = 10.2;
				MTL_ENABLE_DEBUG_INFO = NO;
				SDKROOT = iphoneos;
				SWIFT_OPTIMIZATION_LEVEL = "-Owholemodule";
				TARGETED_DEVICE_FAMILY = "1,2";
				VALIDATE_PRODUCT = YES;
			};
			name = Release;
		};
		8BA5EF682027CC9000FE4389 /* Debug */ = {
			isa = XCBuildConfiguration;
			baseConfigurationReference = 2B232CBE368537AC4E6DA9F9 /* Pods-Assignment.debug.xcconfig */;
			buildSettings = {
				ASSETCATALOG_COMPILER_APPICON_NAME = AppIcon;
				DEVELOPMENT_TEAM = TZJ7BHR5V6;
				INFOPLIST_FILE = Assignment/Info.plist;
				LD_RUNPATH_SEARCH_PATHS = "$(inherited) @executable_path/Frameworks";
				PRODUCT_BUNDLE_IDENTIFIER = com.magfurulabeer.Assignment;
				PRODUCT_NAME = "$(TARGET_NAME)";
				SWIFT_SWIFT3_OBJC_INFERENCE = On;
				SWIFT_VERSION = 4.0;
			};
			name = Debug;
		};
		8BA5EF692027CC9000FE4389 /* Release */ = {
			isa = XCBuildConfiguration;
			baseConfigurationReference = 2167347BA69CDC4EF12ADBE7 /* Pods-Assignment.release.xcconfig */;
			buildSettings = {
				ASSETCATALOG_COMPILER_APPICON_NAME = AppIcon;
				DEVELOPMENT_TEAM = TZJ7BHR5V6;
				INFOPLIST_FILE = Assignment/Info.plist;
				LD_RUNPATH_SEARCH_PATHS = "$(inherited) @executable_path/Frameworks";
				PRODUCT_BUNDLE_IDENTIFIER = com.magfurulabeer.Assignment;
				PRODUCT_NAME = "$(TARGET_NAME)";
				SWIFT_SWIFT3_OBJC_INFERENCE = On;
				SWIFT_VERSION = 4.0;
			};
			name = Release;
		};
		8BA5EF6B2027CC9000FE4389 /* Debug */ = {
			isa = XCBuildConfiguration;
			baseConfigurationReference = F0CA007029439459CF9B5E7F /* Pods-AssignmentTests.debug.xcconfig */;
			buildSettings = {
				ALWAYS_EMBED_SWIFT_STANDARD_LIBRARIES = YES;
				BUNDLE_LOADER = "$(TEST_HOST)";
				DEVELOPMENT_TEAM = TZJ7BHR5V6;
				INFOPLIST_FILE = AssignmentTests/Info.plist;
				LD_RUNPATH_SEARCH_PATHS = "$(inherited) @executable_path/Frameworks @loader_path/Frameworks";
				PRODUCT_BUNDLE_IDENTIFIER = com.magfurulabeer.AssignmentTests;
				PRODUCT_NAME = "$(TARGET_NAME)";
				SWIFT_SWIFT3_OBJC_INFERENCE = On;
				SWIFT_VERSION = 4.0;
				TEST_HOST = "$(BUILT_PRODUCTS_DIR)/Assignment.app/Assignment";
			};
			name = Debug;
		};
		8BA5EF6C2027CC9000FE4389 /* Release */ = {
			isa = XCBuildConfiguration;
			baseConfigurationReference = F54500708762252B1D0A799C /* Pods-AssignmentTests.release.xcconfig */;
			buildSettings = {
				ALWAYS_EMBED_SWIFT_STANDARD_LIBRARIES = YES;
				BUNDLE_LOADER = "$(TEST_HOST)";
				DEVELOPMENT_TEAM = TZJ7BHR5V6;
				INFOPLIST_FILE = AssignmentTests/Info.plist;
				LD_RUNPATH_SEARCH_PATHS = "$(inherited) @executable_path/Frameworks @loader_path/Frameworks";
				PRODUCT_BUNDLE_IDENTIFIER = com.magfurulabeer.AssignmentTests;
				PRODUCT_NAME = "$(TARGET_NAME)";
				SWIFT_SWIFT3_OBJC_INFERENCE = On;
				SWIFT_VERSION = 4.0;
				TEST_HOST = "$(BUILT_PRODUCTS_DIR)/Assignment.app/Assignment";
			};
			name = Release;
		};
/* End XCBuildConfiguration section */

/* Begin XCConfigurationList section */
		8BA5EF452027CC9000FE4389 /* Build configuration list for PBXProject "Assignment" */ = {
			isa = XCConfigurationList;
			buildConfigurations = (
				8BA5EF652027CC9000FE4389 /* Debug */,
				8BA5EF662027CC9000FE4389 /* Release */,
			);
			defaultConfigurationIsVisible = 0;
			defaultConfigurationName = Release;
		};
		8BA5EF672027CC9000FE4389 /* Build configuration list for PBXNativeTarget "Assignment" */ = {
			isa = XCConfigurationList;
			buildConfigurations = (
				8BA5EF682027CC9000FE4389 /* Debug */,
				8BA5EF692027CC9000FE4389 /* Release */,
			);
			defaultConfigurationIsVisible = 0;
			defaultConfigurationName = Release;
		};
		8BA5EF6A2027CC9000FE4389 /* Build configuration list for PBXNativeTarget "AssignmentTests" */ = {
			isa = XCConfigurationList;
			buildConfigurations = (
				8BA5EF6B2027CC9000FE4389 /* Debug */,
				8BA5EF6C2027CC9000FE4389 /* Release */,
			);
			defaultConfigurationIsVisible = 0;
			defaultConfigurationName = Release;
		};
/* End XCConfigurationList section */
	};
	rootObject = 8BA5EF422027CC9000FE4389 /* Project object */;
}
